Microsoft Visual Studio Solution File, Format Version 12.00
# Visual Studio Version 17
VisualStudioVersion = 17.5.2.0
MinimumVisualStudioVersion = 10.0.40219.1
Project("{FAE04EC0-301F-11D3-BF4B-00C04F79EFBC}") = "MyApp.Web.Api", "MyApp.Web.Api\MyApp.Web.Api.csproj", "{EE6FA1E7-FC28-FF64-F5D1-A12291B611CA}"
EndProject
Project("{FAE04EC0-301F-11D3-BF4B-00C04F79EFBC}") = "MyApp.Core", "MyApp.Core\MyApp.Core.csproj", "{91BF4CC3-509F-2159-0754-E56D65F4C75A}"
EndProject
Global
	GlobalSection(SolutionConfigurationPlatforms) = preSolution
		Debug|Any CPU = Debug|Any CPU
		Release|Any CPU = Release|Any CPU
	EndGlobalSection
	GlobalSection(ProjectConfigurationPlatforms) = postSolution
		{EE6FA1E7-FC28-FF64-F5D1-A12291B611CA}.Debug|Any CPU.ActiveCfg = Debug|Any CPU
		{EE6FA1E7-FC28-FF64-F5D1-A12291B611CA}.Debug|Any CPU.Build.0 = Debug|Any CPU
		{EE6FA1E7-FC28-FF64-F5D1-A12291B611CA}.Release|Any CPU.ActiveCfg = Release|Any CPU
		{EE6FA1E7-FC28-FF64-F5D1-A12291B611CA}.Release|Any CPU.Build.0 = Release|Any CPU
		{91BF4CC3-509F-2159-0754-E56D65F4C75A}.Debug|Any CPU.ActiveCfg = Debug|Any CPU
		{91BF4CC3-509F-2159-0754-E56D65F4C75A}.Debug|Any CPU.Build.0 = Debug|Any CPU
		{91BF4CC3-509F-2159-0754-E56D65F4C75A}.Release|Any CPU.ActiveCfg = Release|Any CPU
		{91BF4CC3-509F-2159-0754-E56D65F4C75A}.Release|Any CPU.Build.0 = Release|Any CPU
	EndGlobalSection
	GlobalSection(SolutionProperties) = preSolution
		HideSolutionNode = FALSE
	EndGlobalSection
	GlobalSection(ExtensibilityGlobals) = postSolution
		SolutionGuid = {F3199625-F723-4305-9C66-5AC127D6F9F3}
	EndGlobalSection
EndGlobal
